{
  "name": "pigment-combo-pipeline",
  "version": "1.0.0",
  "lockfileVersion": 3,
  "requires": true,
  "packages": {
    "": {
      "name": "pigment-combo-pipeline",
      "version": "1.0.0",
      "devDependencies": {
        "@dagu-org/dagu": "^1.30.2"
      }
    },
    "node_modules/@dagu-org/dagu": {
      "version": "1.30.2",
      "resolved": "https://registry.npmjs.org/@dagu-org/dagu/-/dagu-1.30.2.tgz",
      "integrity": "sha512-U3yykvfJLMn8iUOHGw8nJ2QiBlKQkuqnJ6FTfZM9gAh48OzpblSKM/2QuajKCdX9chWMXKSgj0Im/0GfvEV7ow==",
      "dev": true,
      "hasInstallScript": true,
      "license": "GPL-3.0",
      "dependencies": {
        "tar": "^7.4.3"
      },
      "bin": {
        "dagu": "bin/cli"
      },
      "engines": {
        "node": ">=14.0.0"
      },
      "optionalDependencies": {
        "@dagu-org/dagu-darwin-arm64": "1.30.2",
        "@dagu-org/dagu-darwin-x64": "1.30.2",
        "@dagu-org/dagu-freebsd-x64": "1.30.2",
        "@dagu-org/dagu-linux-arm64": "1.30.2",
        "@dagu-org/dagu-linux-armv6": "1.30.2",
        "@dagu-org/dagu-linux-armv7": "1.30.2",
        "@dagu-org/dagu-linux-ia32": "1.30.2",
        "@dagu-org/dagu-linux-x64": "1.30.2",
        "@dagu-org/dagu-win32-ia32": "1.30.2",
        "@dagu-org/dagu-win32-x64": "1.30.2"
      }
    },
    "node_modules/@dagu-org/dagu-darwin-arm64": {
      "version": "1.30.2",
      "resolved": "https://registry.npmjs.org/@dagu-org/dagu-darwin-arm64/-/dagu-darwin-arm64-1.30.2.tgz",
      "integrity": "sha512-gOhPylXP+Q8S3DSK24mkwRHb7eBPr170UNQdV8zsqd8r9VfOXDvk9TYGc5OkWwjVJRGm2S0lp4n/obsdKjAZ/A==",
      "cpu": [
        "arm64"
      ],
      "dev": true,
      "license": "GPL-3.0",
      "optional": true,
      "os": [
        "darwin"
      ],
      "bin": {
        "dagu": "bin/dagu"
      }
    },
    "node_modules/@dagu-org/dagu-darwin-x64": {
      "version": "1.30.2",
      "resolved": "https://registry.npmjs.org/@dagu-org/dagu-darwin-x64/-/dagu-darwin-x64-1.30.2.tgz",
      "integrity": "sha512-5AXU0stzYQ6yGbCkUHKPYbqKpjKSmOMDH+jPAZM0sz/EccbncbH4HdE4VDJEKPtmsPyzPTZ24On/bLm6Pj6TYw==",
      "cpu": [
        "x64"
      ],
      "dev": true,
      "license": "GPL-3.0",
      "optional": true,
      "os": [
        "darwin"
      ]
    },
    "node_modules/@dagu-org/dagu-freebsd-x64": {
      "version": "1.30.2",
      "resolved": "https://registry.npmjs.org/@dagu-org/dagu-freebsd-x64/-/dagu-freebsd-x64-1.30.2.tgz",
      "integrity": "sha512-BKoVDJI+dgwKOty+4N4rhNNlocsO4/Hq1QmBfF/sgwZI4YFltDM9/TKvFrLIzIGMM52QcbAzSTKvO70yNaQaow==",
      "cpu": [
        "x64"
      ],
      "dev": true,
      "license": "GPL-3.0",
      "optional": true,
      "os": [
        "freebsd"
      ]
    },
    "node_modules/@dagu-org/dagu-linux-arm64": {
      "version": "1.30.2",
      "resolved": "https://registry.npmjs.org/@dagu-org/dagu-linux-arm64/-/dagu-linux-arm64-1.30.2.tgz",
      "integrity": "sha512-/6pNk+I6v/tujT4FjAyXE6+aCtTJA4DCx6EX6cCVWpLuTI46xbyVbVWqDZhVmMb5j1Xublhg4RYpLCvIdIwzww==",
      "cpu": [
        "arm64"
      ],
      "dev": true,
      "license": "GPL-3.0",
      "optional": true,
      "os": [
        "linux"
      ]
    },
    "node_modules/@dagu-org/dagu-linux-armv6": {
      "version": "1.30.2",
      "resolved": "https://registry.npmjs.org/@dagu-org/dagu-linux-armv6/-/dagu-linux-armv6-1.30.2.tgz",
      "integrity": "sha512-ZWXkJVrOXIxrUOnO7dlKwufAg5hIkOhz39R+Echpu4tLEuFqejDYwJbOUnPkNEibHVNiPGSYWs9+ftb9wBB1Hw==",
      "cpu": [
        "arm"
      ],
      "dev": true,
      "license": "GPL-3.0",
      "optional": true,
      "os": [
        "linux"
      ]
    },
    "node_modules/@dagu-org/dagu-linux-armv7": {
      "version": "1.30.2",
      "resolved": "https://registry.npmjs.org/@dagu-org/dagu-linux-armv7/-/dagu-linux-armv7-1.30.2.tgz",
      "integrity": "sha512-tTFyOCc5z5WPdDg9vBApbklhpwplU68VqDbptsZhUacqc7qdjPXrTYSeq5LDqKGDfkNjG8W5aco34oDeDopIDA==",
      "cpu": [
        "arm"
      ],
      "dev": true,
      "license": "GPL-3.0",
      "optional": true,
      "os": [
        "linux"
      ],
      "bin": {
        "dagu": "bin/dagu"
      }
    },
    "node_modules/@dagu-org/dagu-linux-ia32": {
      "version": "1.30.2",
      "resolved": "https://registry.npmjs.org/@dagu-org/dagu-linux-ia32/-/dagu-linux-ia32-1.30.2.tgz",
      "integrity": "sha512-9hyP9nl7FYIN3xQ1zmgNrIaI9+NcLORt837+NNBISaJaRrjcegzCRTDRwW+yXi1FzUKgyEGtgmbGhxQPmIiqhg==",
      "cpu": [
        "ia32"
      ],
      "dev": true,
      "license": "GPL-3.0",
      "optional": true,
      "os": [
        "linux"
      ]
    },
    "node_modules/@dagu-org/dagu-linux-x64": {
      "version": "1.30.2",
      "resolved": "https://registry.npmjs.org/@dagu-org/dagu-linux-x64/-/dagu-linux-x64-1.30.2.tgz",
      "integrity": "sha512-ZEJPlVqvf0TbEymoSuDj5CV/T5hYrCwaD6zGy/O24oKTl0FFsGwCx2OW20D7D/Ck9ik3f0sZPut/O8TDCKSkfQ==",
      "cpu": [
        "x64"
      ],
      "dev": true,
      "license": "GPL-3.0",
      "optional": true,
      "os": [
        "linux"
      ],
      "bin": {
        "dagu": "bin/dagu"
      }
    },
    "node_modules/@dagu-org/dagu-win32-ia32": {
      "version": "1.30.2",
      "resolved": "https://registry.npmjs.org/@dagu-org/dagu-win32-ia32/-/dagu-win32-ia32-1.30.2.tgz",
      "integrity": "sha512-paTuO7/XrrJ8hImnYns0q2MAFOUi3S76WCE0NRiHHV52UgYhdO5XIkZLbJPUydx4J0F8bEmAWeb/pbR9QcxsQg==",
      "cpu": [
        "ia32"
      ],
      "dev": true,
      "license": "GPL-3.0",
      "optional": true,
      "os": [
        "win32"
      ]
    },
    "node_modules/@dagu-org/dagu-win32-x64": {
      "version": "1.30.2",
      "resolved": "https://registry.npmjs.org/@dagu-org/dagu-win32-x64/-/dagu-win32-x64-1.30.2.tgz",
      "integrity": "sha512-WZv8OL5U9oioGnhM069RX+FtJs9xAZN3yFpoV7FYnH6Tw6vREHKEXfppmHkTZcNuBCKb0618sCM3QFyBx6K6nw==",
      "cpu": [
        "x64"
      ],
      "dev": true,
      "license": "GPL-3.0",
      "optional": true,
      "os": [
        "win32"
      ],
      "bin": {
        "dagu": "bin/dagu.exe"
      }
    },
    "node_modules/@isaacs/fs-minipass": {
      "version": "4.0.1",
      "resolved": "https://registry.npmjs.org/@isaacs/fs-minipass/-/fs-minipass-4.0.1.tgz",
      "integrity": "sha512-wgm9Ehl2jpeqP3zw/7mo3kRHFp5MEDhqAdwy1fTGkHAwnkGOVsgpvQhL8B5n1qlb01jV3n/bI0ZfZp5lWA1k4w==",
      "dev": true,
      "license": "ISC",
      "dependencies": {
        "minipass": "^7.0.4"
      },
      "engines": {
        "node": ">=18.0.0"
      }
    },
    "node_modules/chownr": {
      "version": "3.0.0",
      "resolved": "https://registry.npmjs.org/chownr/-/chownr-3.0.0.tgz",
      "integrity": "sha512-+IxzY9BZOQd/XuYPRmrvEVjF/nqj5kgT4kEq7VofrDoM1MxoRjEWkrCC3EtLi59TVawxTAn+orJwFQcrqEN1+g==",
      "dev": true,
      "license": "BlueOak-1.0.0",
      "engines": {
        "node": ">=18"
      }
    },
    "node_modules/minipass": {
      "version": "7.1.3",
      "resolved": "https://registry.npmjs.org/minipass/-/minipass-7.1.3.tgz",
      "integrity": "sha512-tEBHqDnIoM/1rXME1zgka9g6Q2lcoCkxHLuc7ODJ5BxbP5d4c2Z5cGgtXAku59200Cx7diuHTOYfSBD8n6mm8A==",
      "dev": true,
      "license": "BlueOak-1.0.0",
      "engines": {
        "node": ">=16 || 14 >=14.17"
      }
    },
    "node_modules/minizlib": {
      "version": "3.1.0",
      "resolved": "https://registry.npmjs.org/minizlib/-/minizlib-3.1.0.tgz",
      "integrity": "sha512-KZxYo1BUkWD2TVFLr0MQoM8vUUigWD3LlD83a/75BqC+4qE0Hb1Vo5v1FgcfaNXvfXzr+5EhQ6ing/CaBijTlw==",
      "dev": true,
      "license": "MIT",
      "dependencies": {
        "minipass": "^7.1.2"
      },
      "engines": {
        "node": ">= 18"
      }
    },
    "node_modules/tar": {
      "version": "7.5.13",
      "resolved": "https://registry.npmjs.org/tar/-/tar-7.5.13.tgz",
      "integrity": "sha512-tOG/7GyXpFevhXVh8jOPJrmtRpOTsYqUIkVdVooZYJS/z8WhfQUX8RJILmeuJNinGAMSu1veBr4asSHFt5/hng==",
      "dev": true,
      "license": "BlueOak-1.0.0",
      "dependencies": {
        "@isaacs/fs-minipass": "^4.0.0",
        "chownr": "^3.0.0",
        "minipass": "^7.1.2",
        "minizlib": "^3.1.0",
        "yallist": "^5.0.0"
      },
      "engines": {
        "node": ">=18"
      }
    },
    "node_modules/yallist": {
      "version": "5.0.0",
      "resolved": "https://registry.npmjs.org/yallist/-/yallist-5.0.0.tgz",
      "integrity": "sha512-YgvUTfwqyc7UXVMrB+SImsVYSmTS8X/tSrtdNZMImM+n7+QTriRXyXim0mBrTXNeqzVF0KWGgHPeiyViFFrNDw==",
      "dev": true,
      "license": "BlueOak-1.0.0",
      "engines": {
        "node": ">=18"
      }
    }
  }
}
